
Microsoft Visual Studio Solution File, Format Version 12.00
# Visual Studio Version 16
VisualStudioVersion = 16.0.30804.86
MinimumVisualStudioVersion = 10.0.40219.1
Project("{2150E333-8FDC-42A3-9474-1A3956D46DE8}") = "src", "src", "{29809408-D791-41D9-BAC7-393A501B63B8}"
EndProject
Project("{2150E333-8FDC-42A3-9474-1A3956D46DE8}") = "Clients", "Clients", "{FCE8C8A0-2A5C-478C-B1A5-9F2F0217B06C}"
EndProject
Project("{2150E333-8FDC-42A3-9474-1A3956D46DE8}") = "Services", "Services", "{69C70D4E-D832-4B48-84DB-94D6D2E98558}"
EndProject
Project("{2150E333-8FDC-42A3-9474-1A3956D46DE8}") = "Order", "Order", "{2BDC6431-FB01-4280-B10D-55BABFBECFC0}"
EndProject
Project("{2150E333-8FDC-42A3-9474-1A3956D46DE8}") = "Product", "Product", "{48BF3CDD-AED7-4A99-AFB2-F3FF8EED4959}"
EndProject
Project("{2150E333-8FDC-42A3-9474-1A3956D46DE8}") = "Web", "Web", "{893E03EC-F63D-4E33-B558-952756CD19CB}"
EndProject
Project("{FAE04EC0-301F-11D3-BF4B-00C04F79EFBC}") = "Product.API", "Product.API\Product.API.csproj", "{9D3101D8-20F8-48E2-858C-B06D66C8D07D}"
EndProject
Project("{FAE04EC0-301F-11D3-BF4B-00C04F79EFBC}") = "Order.API", "Order.API\Order.API.csproj", "{8DA8CF6A-4DE3-4143-896B-EC435ED12B41}"
EndProject
Project("{FAE04EC0-301F-11D3-BF4B-00C04F79EFBC}") = "Web.MVC", "Web.MVC\Web.MVC.csproj", "{AAD30FEC-AAE9-419B-9F3F-786FD86D576E}"
EndProject
Global
	GlobalSection(SolutionConfigurationPlatforms) = preSolution
		Debug|Any CPU = Debug|Any CPU
		Release|Any CPU = Release|Any CPU
	EndGlobalSection
	GlobalSection(ProjectConfigurationPlatforms) = postSolution
		{9D3101D8-20F8-48E2-858C-B06D66C8D07D}.Debug|Any CPU.ActiveCfg = Debug|Any CPU
		{9D3101D8-20F8-48E2-858C-B06D66C8D07D}.Debug|Any CPU.Build.0 = Debug|Any CPU
		{9D3101D8-20F8-48E2-858C-B06D66C8D07D}.Release|Any CPU.ActiveCfg = Release|Any CPU
		{9D3101D8-20F8-48E2-858C-B06D66C8D07D}.Release|Any CPU.Build.0 = Release|Any CPU
		{8DA8CF6A-4DE3-4143-896B-EC435ED12B41}.Debug|Any CPU.ActiveCfg = Debug|Any CPU
		{8DA8CF6A-4DE3-4143-896B-EC435ED12B41}.Debug|Any CPU.Build.0 = Debug|Any CPU
		{8DA8CF6A-4DE3-4143-896B-EC435ED12B41}.Release|Any CPU.ActiveCfg = Release|Any CPU
		{8DA8CF6A-4DE3-4143-896B-EC435ED12B41}.Release|Any CPU.Build.0 = Release|Any CPU
		{AAD30FEC-AAE9-419B-9F3F-786FD86D576E}.Debug|Any CPU.ActiveCfg = Debug|Any CPU
		{AAD30FEC-AAE9-419B-9F3F-786FD86D576E}.Debug|Any CPU.Build.0 = Debug|Any CPU
		{AAD30FEC-AAE9-419B-9F3F-786FD86D576E}.Release|Any CPU.ActiveCfg = Release|Any CPU
		{AAD30FEC-AAE9-419B-9F3F-786FD86D576E}.Release|Any CPU.Build.0 = Release|Any CPU
	EndGlobalSection
	GlobalSection(SolutionProperties) = preSolution
		HideSolutionNode = FALSE
	EndGlobalSection
	GlobalSection(NestedProjects) = preSolution
		{FCE8C8A0-2A5C-478C-B1A5-9F2F0217B06C} = {29809408-D791-41D9-BAC7-393A501B63B8}
		{69C70D4E-D832-4B48-84DB-94D6D2E98558} = {29809408-D791-41D9-BAC7-393A501B63B8}
		{2BDC6431-FB01-4280-B10D-55BABFBECFC0} = {69C70D4E-D832-4B48-84DB-94D6D2E98558}
		{48BF3CDD-AED7-4A99-AFB2-F3FF8EED4959} = {69C70D4E-D832-4B48-84DB-94D6D2E98558}
		{893E03EC-F63D-4E33-B558-952756CD19CB} = {FCE8C8A0-2A5C-478C-B1A5-9F2F0217B06C}
		{9D3101D8-20F8-48E2-858C-B06D66C8D07D} = {48BF3CDD-AED7-4A99-AFB2-F3FF8EED4959}
		{8DA8CF6A-4DE3-4143-896B-EC435ED12B41} = {2BDC6431-FB01-4280-B10D-55BABFBECFC0}
		{AAD30FEC-AAE9-419B-9F3F-786FD86D576E} = {893E03EC-F63D-4E33-B558-952756CD19CB}
	EndGlobalSection
	GlobalSection(ExtensibilityGlobals) = postSolution
		SolutionGuid = {50602B5D-F088-4F53-98FA-62AB6B58049F}
	EndGlobalSection
EndGlobal
